
Microsoft Visual Studio Solution File, Format Version 12.00
# Visual Studio Version 17
VisualStudioVersion = 17.11.35327.3
MinimumVisualStudioVersion = 10.0.40219.1
Project("{FAE04EC0-301F-11D3-BF4B-00C04F79EFBC}") = "task_1.2", "task_1.2\task_1.2.csproj", "{BB524838-9BCA-407A-AAAD-FA80006B6723}"
EndProject
Global
	GlobalSection(SolutionConfigurationPlatforms) = preSolution
		Debug|Any CPU = Debug|Any CPU
		Release|Any CPU = Release|Any CPU
	EndGlobalSection
	GlobalSection(ProjectConfigurationPlatforms) = postSolution
		{BB524838-9BCA-407A-AAAD-FA80006B6723}.Debug|Any CPU.ActiveCfg = Debug|Any CPU
		{BB524838-9BCA-407A-AAAD-FA80006B6723}.Debug|Any CPU.Build.0 = Debug|Any CPU
		{BB524838-9BCA-407A-AAAD-FA80006B6723}.Release|Any CPU.ActiveCfg = Release|Any CPU
		{BB524838-9BCA-407A-AAAD-FA80006B6723}.Release|Any CPU.Build.0 = Release|Any CPU
	EndGlobalSection
	GlobalSection(SolutionProperties) = preSolution
		HideSolutionNode = FALSE
	EndGlobalSection
	GlobalSection(ExtensibilityGlobals) = postSolution
		SolutionGuid = {021EABE1-DAE9-45FA-A2DD-E73C65A9FC4A}
	EndGlobalSection
EndGlobal
